
Microsoft Visual Studio Solution File, Format Version 12.00
# Visual Studio Version 16
VisualStudioVersion = 16.0.31129.286
MinimumVisualStudioVersion = 10.0.40219.1
Project("{FAE04EC0-301F-11D3-BF4B-00C04F79EFBC}") = "AprendendoFiles", "AprendendoFiles\AprendendoFiles.csproj", "{F00106E3-1D22-404A-93DA-1C2F608B9FFE}"
EndProject
Project("{F184B08F-C81C-45F6-A57F-5ABD9991F28F}") = "Projeto", "Projeto\Projeto.vbproj", "{4135B405-4C1C-4420-8E42-93A3F94EB63E}"
EndProject
Global
	GlobalSection(SolutionConfigurationPlatforms) = preSolution
		Debug|Any CPU = Debug|Any CPU
		Release|Any CPU = Release|Any CPU
	EndGlobalSection
	GlobalSection(ProjectConfigurationPlatforms) = postSolution
		{F00106E3-1D22-404A-93DA-1C2F608B9FFE}.Debug|Any CPU.ActiveCfg = Debug|Any CPU
		{F00106E3-1D22-404A-93DA-1C2F608B9FFE}.Debug|Any CPU.Build.0 = Debug|Any CPU
		{F00106E3-1D22-404A-93DA-1C2F608B9FFE}.Release|Any CPU.ActiveCfg = Release|Any CPU
		{F00106E3-1D22-404A-93DA-1C2F608B9FFE}.Release|Any CPU.Build.0 = Release|Any CPU
		{4135B405-4C1C-4420-8E42-93A3F94EB63E}.Debug|Any CPU.ActiveCfg = Debug|Any CPU
		{4135B405-4C1C-4420-8E42-93A3F94EB63E}.Debug|Any CPU.Build.0 = Debug|Any CPU
		{4135B405-4C1C-4420-8E42-93A3F94EB63E}.Release|Any CPU.ActiveCfg = Release|Any CPU
		{4135B405-4C1C-4420-8E42-93A3F94EB63E}.Release|Any CPU.Build.0 = Release|Any CPU
	EndGlobalSection
	GlobalSection(SolutionProperties) = preSolution
		HideSolutionNode = FALSE
	EndGlobalSection
	GlobalSection(ExtensibilityGlobals) = postSolution
		SolutionGuid = {112BEF14-2E0E-4F6F-8639-B29D68C2D938}
	EndGlobalSection
EndGlobal
